# Generated by pub
# See https://dart.dev/tools/pub/glossary#lockfile
packages:
  after_layout:
    dependency: "direct main"
    description:
      name: after_layout
      url: "https://pub.dartlang.org"
    source: hosted
    version: "1.0.7+2"
  async:
    dependency: transitive
    description:
      name: async
      url: "https://pub.dartlang.org"
    source: hosted
    version: "2.5.0-nullsafety.3"
  boolean_selector:
    dependency: transitive
    description:
      name: boolean_selector
      url: "https://pub.dartlang.org"
    source: hosted
    version: "2.1.0-nullsafety.3"
  characters:
    dependency: transitive
    description:
      name: characters
      url: "https://pub.dartlang.org"
    source: hosted
    version: "1.1.0-nullsafety.5"
  charcode:
    dependency: transitive
    description:
      name: charcode
      url: "https://pub.dartlang.org"
    source: hosted
    version: "1.2.0-nullsafety.3"
  clock:
    dependency: transitive
    description:
      name: clock
      url: "https://pub.dartlang.org"
    source: hosted
    version: "1.1.0-nullsafety.3"
  collection:
    dependency: transitive
    description:
      name: collection
      url: "https://pub.dartlang.org"
    source: hosted
    version: "1.15.0-nullsafety.5"
  convert:
    dependency: transitive
    description:
      name: convert
      url: "https://pub.dartlang.org"
    source: hosted
    version: "2.1.1"
  crypto:
    dependency: transitive
    description:
      name: crypto
      url: "https://pub.dartlang.org"
    source: hosted
    version: "2.1.5"
  cssstylewidget:
    dependency: "direct main"
    description:
      path: "."
      ref: HEAD
      resolved-ref: "73032dc704ec78bcb80eb8bb001856ae52b82b18"
      url: "https://github.com/KevinVan720/css_style_widget"
    source: git
    version: "0.0.1"
  cupertino_icons:
    dependency: "direct main"
    description:
      name: cupertino_icons
      url: "https://pub.dartlang.org"
    source: hosted
    version: "1.0.1+1"
  fake_async:
    dependency: transitive
    description:
      name: fake_async
      url: "https://pub.dartlang.org"
    source: hosted
    version: "1.2.0-nullsafety.3"
  file_picker:
    dependency: transitive
    description:
      name: file_picker
      url: "https://pub.dartlang.org"
    source: hosted
    version: "2.1.4"
  flutter:
    dependency: "direct main"
    description: flutter
    source: sdk
    version: "0.0.0"
  flutter_class_parser:
    dependency: "direct main"
    description:
      path: "."
      ref: HEAD
      resolved-ref: "5e83dba7aac07f78e65572c1ea056f320d861c59"
      url: "https://github.com/KevinVan720/flutter_class_parser"
    source: git
    version: "0.0.1"
  flutter_colorpicker:
    dependency: transitive
    description:
      name: flutter_colorpicker
      url: "https://pub.dartlang.org"
    source: hosted
    version: "0.3.4"
  flutter_material_pickers:
    dependency: "direct main"
    description:
      name: flutter_material_pickers
      url: "https://pub.dartlang.org"
    source: hosted
    version: "1.8.1"
  flutter_plugin_android_lifecycle:
    dependency: transitive
    description:
      name: flutter_plugin_android_lifecycle
      url: "https://pub.dartlang.org"
    source: hosted
    version: "1.0.11"
  flutter_test:
    dependency: "direct dev"
    description: flutter
    source: sdk
    version: "0.0.0"
  flutter_web_plugins:
    dependency: transitive
    description: flutter
    source: sdk
    version: "0.0.0"
  intl:
    dependency: transitive
    description:
      name: intl
      url: "https://pub.dartlang.org"
    source: hosted
    version: "0.16.1"
  js:
    dependency: transitive
    description:
      name: js
      url: "https://pub.dartlang.org"
    source: hosted
    version: "0.6.3-nullsafety.3"
  matcher:
    dependency: transitive
    description:
      name: matcher
      url: "https://pub.dartlang.org"
    source: hosted
    version: "0.12.10-nullsafety.3"
  material_design_icons_flutter:
    dependency: "direct main"
    description:
      name: material_design_icons_flutter
      url: "https://pub.dartlang.org"
    source: hosted
    version: "4.0.5755"
  meta:
    dependency: transitive
    description:
      name: meta
      url: "https://pub.dartlang.org"
    source: hosted
    version: "1.3.0-nullsafety.6"
  nested:
    dependency: transitive
    description:
      name: nested
      url: "https://pub.dartlang.org"
    source: hosted
    version: "0.0.4"
  path:
    dependency: transitive
    description:
      name: path
      url: "https://pub.dartlang.org"
    source: hosted
    version: "1.8.0-nullsafety.3"
  pedantic:
    dependency: transitive
    description:
      name: pedantic
      url: "https://pub.dartlang.org"
    source: hosted
    version: "1.9.2"
  plugin_platform_interface:
    dependency: transitive
    description:
      name: plugin_platform_interface
      url: "https://pub.dartlang.org"
    source: hosted
    version: "1.0.3"
  provider:
    dependency: "direct main"
    description:
      name: provider
      url: "https://pub.dartlang.org"
    source: hosted
    version: "4.3.2+3"
  quiver:
    dependency: transitive
    description:
      name: quiver
      url: "https://pub.dartlang.org"
    source: hosted
    version: "2.1.5"
  sa_v1_migration:
    dependency: transitive
    description:
      name: sa_v1_migration
      url: "https://pub.dartlang.org"
    source: hosted
    version: "1.1.2"
  scrollable_positioned_list:
    dependency: "direct main"
    description:
      name: scrollable_positioned_list
      url: "https://pub.dartlang.org"
    source: hosted
    version: "0.1.8"
  shortuuid:
    dependency: "direct main"
    description:
      name: shortuuid
      url: "https://pub.dartlang.org"
    source: hosted
    version: "2.1.1"
  simple_animations:
    dependency: "direct main"
    description:
      path: "."
      ref: HEAD
      resolved-ref: "5fac36bbc81a41430ea9cf9454de7ac921e1b6a8"
      url: "https://github.com/KevinVan720/simple_animations.git"
    source: git
    version: "2.4.2"
  sky_engine:
    dependency: transitive
    description: flutter
    source: sdk
    version: "0.0.99"
  source_span:
    dependency: transitive
    description:
      name: source_span
      url: "https://pub.dartlang.org"
    source: hosted
    version: "1.8.0-nullsafety.4"
  stack_trace:
    dependency: transitive
    description:
      name: stack_trace
      url: "https://pub.dartlang.org"
    source: hosted
    version: "1.10.0-nullsafety.6"
  sticky_headers:
    dependency: transitive
    description:
      path: "."
      ref: HEAD
      resolved-ref: "35e13670b60ef38051b4be631a2c5d59604dbe76"
      url: "https://github.com/KevinVan720/flutter_sticky_headers.git"
    source: git
    version: "0.1.8+1"
  stream_channel:
    dependency: transitive
    description:
      name: stream_channel
      url: "https://pub.dartlang.org"
    source: hosted
    version: "2.1.0-nullsafety.3"
  string_scanner:
    dependency: transitive
    description:
      name: string_scanner
      url: "https://pub.dartlang.org"
    source: hosted
    version: "1.1.0-nullsafety.3"
  supercharged:
    dependency: transitive
    description:
      name: supercharged
      url: "https://pub.dartlang.org"
    source: hosted
    version: "1.12.0"
  supercharged_dart:
    dependency: transitive
    description:
      name: supercharged_dart
      url: "https://pub.dartlang.org"
    source: hosted
    version: "1.4.0"
  term_glyph:
    dependency: transitive
    description:
      name: term_glyph
      url: "https://pub.dartlang.org"
    source: hosted
    version: "1.2.0-nullsafety.3"
  test_api:
    dependency: transitive
    description:
      name: test_api
      url: "https://pub.dartlang.org"
    source: hosted
    version: "0.2.19-nullsafety.6"
  tuple:
    dependency: "direct main"
    description:
      name: tuple
      url: "https://pub.dartlang.org"
    source: hosted
    version: "1.0.3"
  typed_data:
    dependency: transitive
    description:
      name: typed_data
      url: "https://pub.dartlang.org"
    source: hosted
    version: "1.3.0-nullsafety.5"
  uuid:
    dependency: transitive
    description:
      name: uuid
      url: "https://pub.dartlang.org"
    source: hosted
    version: "2.2.2"
  vector_math:
    dependency: transitive
    description:
      name: vector_math
      url: "https://pub.dartlang.org"
    source: hosted
    version: "2.1.0-nullsafety.5"
  visibility_detector:
    dependency: "direct main"
    description:
      path: "."
      ref: HEAD
      resolved-ref: f9a7c0dd79fb6a7e07c99992c1dd2df2c7c2a33f
      url: "https://github.com/KevinVan720/visibility_detector.git"
    source: git
    version: "0.1.5"
sdks:
  dart: ">=2.12.0-49.0.dev <3.0.0"
  flutter: ">=1.17.0 <2.0.0"
